<?xml version="1.0" encoding="utf-8"?>
<Project ToolsVersion="4.0" xmlns="http://schemas.microsoft.com/developer/msbuild/2003">
  <ItemGroup>
    <Filter Include="File di origine">
      <UniqueIdentifier>{4FC737F1-C7A5-4376-A066-2A32D752A2FF}</UniqueIdentifier>
      <Extensions>cpp;c;cc;cxx;c++;cppm;ixx;def;odl;idl;hpj;bat;asm;asmx</Extensions>
    </Filter>
    <Filter Include="File di intestazione">
      <UniqueIdentifier>{93995380-89BD-4b04-88EB-625FBE52EBFB}</UniqueIdentifier>
      <Extensions>h;hh;hpp;hxx;h++;hm;inl;inc;ipp;xsd</Extensions>
    </Filter>
    <Filter Include="File di risorse">
      <UniqueIdentifier>{67DA6AB6-F800-4c08-8B7A-83BB121AAD01}</UniqueIdentifier>
      <Extensions>rc;ico;cur;bmp;dlg;rc2;rct;bin;rgs;gif;jpg;jpeg;jpe;resx;tiff;tif;png;wav;mfcribbon-ms</Extensions>
    </Filter>
  </ItemGroup>
  <ItemGroup>
    <ClCompile Include="src\main.cpp">
      <Filter>File di origine</Filter>
    </ClCompile>
    <ClCompile Include="vendor\stb_image\stb_image.cpp">
      <Filter>File di origine</Filter>
    </ClCompile>
    <ClCompile Include="src\Engine.cpp">
      <Filter>File di origine</Filter>
    </ClCompile>
    <ClCompile Include="src\Core\GL.cpp">
      <Filter>File di origine</Filter>
    </ClCompile>
    <ClCompile Include="src\Core\Renderer\Renderer.cpp">
      <Filter>File di origine</Filter>
    </ClCompile>
    <ClCompile Include="src\Core\Cube.cpp">
      <Filter>File di origine</Filter>
    </ClCompile>
    <ClCompile Include="src\Core\Camera.cpp">
      <Filter>File di origine</Filter>
    </ClCompile>
    <ClCompile Include="src\Core\Input.cpp">
      <Filter>File di origine</Filter>
    </ClCompile>
    <ClCompile Include="src\Core\Physics.cpp">
      <Filter>File di origine</Filter>
    </ClCompile>
    <ClCompile Include="src\Utils.cpp">
      <Filter>File di origine</Filter>
    </ClCompile>
    <ClCompile Include="vendor\imgui-docking\imgui.cpp">
      <Filter>File di origine</Filter>
    </ClCompile>
    <ClCompile Include="vendor\imgui-docking\imgui_demo.cpp">
      <Filter>File di origine</Filter>
    </ClCompile>
    <ClCompile Include="vendor\imgui-docking\imgui_draw.cpp">
      <Filter>File di origine</Filter>
    </ClCompile>
    <ClCompile Include="vendor\imgui-docking\imgui_tables.cpp">
      <Filter>File di origine</Filter>
    </ClCompile>
    <ClCompile Include="vendor\imgui-docking\imgui_widgets.cpp">
      <Filter>File di origine</Filter>
    </ClCompile>
    <ClCompile Include="vendor\imgui-docking\backends\imgui_impl_glfw.cpp">
      <Filter>File di origine</Filter>
    </ClCompile>
    <ClCompile Include="vendor\imgui-docking\backends\imgui_impl_opengl3.cpp">
      <Filter>File di origine</Filter>
    </ClCompile>
    <ClCompile Include="src\Core\FileSystem.cpp">
      <Filter>File di origine</Filter>
    </ClCompile>
    <ClCompile Include="src\Core\EditingMenu.cpp">
      <Filter>File di origine</Filter>
    </ClCompile>
    <ClCompile Include="src\Core\Sky.cpp">
      <Filter>File di origine</Filter>
    </ClCompile>
    <ClCompile Include="src\Core\GameObject.cpp">
      <Filter>File di origine</Filter>
    </ClCompile>
    <ClCompile Include="vendor\glad\src\glad.c">
      <Filter>File di origine</Filter>
    </ClCompile>
    <ClCompile Include="src\Core\PointLight.cpp">
      <Filter>File di origine</Filter>
    </ClCompile>
    <ClCompile Include="src\Core\Scene.cpp">
      <Filter>File di origine</Filter>
    </ClCompile>
    <ClCompile Include="src\Core\GBuffer.cpp">
      <Filter>File di origine</Filter>
    </ClCompile>
    <ClCompile Include="src\Core\Quad.cpp">
      <Filter>File di origine</Filter>
    </ClCompile>
  </ItemGroup>
  <ItemGroup>
    <ClInclude Include="src\Engine.h">
      <Filter>File di intestazione</Filter>
    </ClInclude>
    <ClInclude Include="src\Core\GL.h">
      <Filter>File di intestazione</Filter>
    </ClInclude>
    <ClInclude Include="src\Core\Renderer\Renderer.h">
      <Filter>File di intestazione</Filter>
    </ClInclude>
    <ClInclude Include="src\Core\Common.h">
      <Filter>File di intestazione</Filter>
    </ClInclude>
    <ClInclude Include="src\Core\Cube.h">
      <Filter>File di intestazione</Filter>
    </ClInclude>
    <ClInclude Include="src\Core\Renderer\Shader.h">
      <Filter>File di intestazione</Filter>
    </ClInclude>
    <ClInclude Include="src\Core\Camera.h">
      <Filter>File di intestazione</Filter>
    </ClInclude>
    <ClInclude Include="src\Core\Input.h">
      <Filter>File di intestazione</Filter>
    </ClInclude>
    <ClInclude Include="src\Core\MotionState.h">
      <Filter>File di intestazione</Filter>
    </ClInclude>
    <ClInclude Include="src\Core\Physics.h">
      <Filter>File di intestazione</Filter>
    </ClInclude>
    <ClInclude Include="src\Utils.h">
      <Filter>File di intestazione</Filter>
    </ClInclude>
    <ClInclude Include="vendor\imgui-docking\imconfig.h">
      <Filter>File di intestazione</Filter>
    </ClInclude>
    <ClInclude Include="vendor\imgui-docking\imgui.h">
      <Filter>File di intestazione</Filter>
    </ClInclude>
    <ClInclude Include="vendor\imgui-docking\imgui_internal.h">
      <Filter>File di intestazione</Filter>
    </ClInclude>
    <ClInclude Include="vendor\imgui-docking\imstb_rectpack.h">
      <Filter>File di intestazione</Filter>
    </ClInclude>
    <ClInclude Include="vendor\imgui-docking\imstb_textedit.h">
      <Filter>File di intestazione</Filter>
    </ClInclude>
    <ClInclude Include="vendor\imgui-docking\imstb_truetype.h">
      <Filter>File di intestazione</Filter>
    </ClInclude>
    <ClInclude Include="vendor\imgui-docking\backends\imgui_impl_glfw.h">
      <Filter>File di intestazione</Filter>
    </ClInclude>
    <ClInclude Include="vendor\imgui-docking\backends\imgui_impl_opengl3.h">
      <Filter>File di intestazione</Filter>
    </ClInclude>
    <ClInclude Include="src\Core\FileSystem.h">
      <Filter>File di intestazione</Filter>
    </ClInclude>
    <ClInclude Include="src\Core\Renderer\Mesh.h">
      <Filter>File di intestazione</Filter>
    </ClInclude>
    <ClInclude Include="src\Core\Renderer\Model.h">
      <Filter>File di intestazione</Filter>
    </ClInclude>
    <ClInclude Include="src\Core\EditingMenu.h">
      <Filter>File di intestazione</Filter>
    </ClInclude>
    <ClInclude Include="src\Core\Scene.h">
      <Filter>File di intestazione</Filter>
    </ClInclude>
    <ClInclude Include="src\Core\Sky.h">
      <Filter>File di intestazione</Filter>
    </ClInclude>
    <ClInclude Include="src\Core\GameObject.h">
      <Filter>File di intestazione</Filter>
    </ClInclude>
    <ClInclude Include="src\Core\ShaderManager.h">
      <Filter>File di intestazione</Filter>
    </ClInclude>
    <ClInclude Include="src\Core\PointLight.h">
      <Filter>File di intestazione</Filter>
    </ClInclude>
    <ClInclude Include="src\Core\EditorCamera.h">
      <Filter>File di intestazione</Filter>
    </ClInclude>
    <ClInclude Include="src\Core\Quad.h">
      <Filter>File di intestazione</Filter>
    </ClInclude>
    <ClInclude Include="src\Core\GBuffer.h">
      <Filter>File di intestazione</Filter>
    </ClInclude>
  </ItemGroup>
  <ItemGroup>
    <Image Include="res\textures\wall.jpg">
      <Filter>File di risorse</Filter>
    </Image>
    <Image Include="res\textures\back.jpg">
      <Filter>File di risorse</Filter>
    </Image>
    <Image Include="res\textures\bottom.jpg">
      <Filter>File di risorse</Filter>
    </Image>
    <Image Include="res\textures\front.jpg">
      <Filter>File di risorse</Filter>
    </Image>
    <Image Include="res\textures\left.jpg">
      <Filter>File di risorse</Filter>
    </Image>
    <Image Include="res\textures\right.jpg">
      <Filter>File di risorse</Filter>
    </Image>
    <Image Include="res\textures\top.jpg">
      <Filter>File di risorse</Filter>
    </Image>
    <Image Include="res\textures\floor_seamless_Metallic.png">
      <Filter>File di risorse</Filter>
    </Image>
    <Image Include="res\textures\floor_seamless_BaseColor.png">
      <Filter>File di risorse</Filter>
    </Image>
    <Image Include="res\textures\floor-diffuse-texture.png">
      <Filter>File di risorse</Filter>
    </Image>
    <Image Include="res\textures\0d7a5db1-51d0-4938-f35f-af0d196e554f.png">
      <Filter>File di risorse</Filter>
    </Image>
    <Image Include="res\textures\4c90e481-3303-5471-2193-9b742648d695.png">
      <Filter>File di risorse</Filter>
    </Image>
    <Image Include="res\textures\4f18eed6-73c0-2fc2-2650-cb9898d723fd.png">
      <Filter>File di risorse</Filter>
    </Image>
    <Image Include="res\textures\53d7253a-e2a6-f995-3389-2b248f55f481.png">
      <Filter>File di risorse</Filter>
    </Image>
    <Image Include="res\textures\98a31ed6-204f-4c91-278e-78e78b3768d4.png">
      <Filter>File di risorse</Filter>
    </Image>
    <Image Include="res\textures\799fa487-af4d-7626-7ebe-f824b4e7b9e2.png">
      <Filter>File di risorse</Filter>
    </Image>
    <Image Include="res\textures\4163b8c8-586e-1e8c-d185-fa194fcb09b9.png">
      <Filter>File di risorse</Filter>
    </Image>
    <Image Include="res\textures\5748decc-f629-461c-9a36-a35a221fe21f.png">
      <Filter>File di risorse</Filter>
    </Image>
    <Image Include="res\textures\7552ca9f-0d82-a939-496e-492fbc595bb6.png">
      <Filter>File di risorse</Filter>
    </Image>
    <Image Include="res\textures\9351ec30-2832-ebb8-b8d8-89372ecd4db4.png">
      <Filter>File di risorse</Filter>
    </Image>
    <Image Include="res\textures\25751ae6-21c9-56ca-7295-5a97c44210c1.png">
      <Filter>File di risorse</Filter>
    </Image>
    <Image Include="res\textures\71333bd7-0e6e-02a4-31c8-54d45dcddaa1.png">
      <Filter>File di risorse</Filter>
    </Image>
    <Image Include="res\textures\247379fb-d7aa-5b3e-c2c9-a62473ed1c89.png">
      <Filter>File di risorse</Filter>
    </Image>
    <Image Include="res\textures\a69b5ddb-8bd6-86e5-e745-4cbce685b991.png">
      <Filter>File di risorse</Filter>
    </Image>
    <Image Include="res\textures\b2101eff-d6a1-8b1d-7e5b-5e2e199a569f.png">
      <Filter>File di risorse</Filter>
    </Image>
    <Image Include="res\textures\b946230a-85dc-8e35-4c31-0e2beefdd8c4.png">
      <Filter>File di risorse</Filter>
    </Image>
    <Image Include="res\textures\c6799e56-14e6-13c3-eb3c-319e5b61101a.png">
      <Filter>File di risorse</Filter>
    </Image>
    <Image Include="res\textures\d5a5ab5d-9f76-cc2a-f0ba-92db61c744dc.png">
      <Filter>File di risorse</Filter>
    </Image>
    <Image Include="res\textures\e10936ad-8c8a-c08f-4e5f-1f0048f0037b.png">
      <Filter>File di risorse</Filter>
    </Image>
  </ItemGroup>
  <ItemGroup>
    <None Include="res\shaders\base.frag" />
    <None Include="res\shaders\base.vert" />
    <None Include="res\models\round lamp.mtl" />
    <None Include="res\models\target.mtl" />
    <None Include="res\shaders\cubemap.frag" />
    <None Include="res\shaders\cubemap.vert" />
    <None Include="assimp-vc143-mt.dll" />
    <None Include="res\shaders\geometry.frag" />
    <None Include="res\shaders\geometry.vert" />
    <None Include="res\models\Floor.mtl" />
    <None Include="res\shaders\collisionDebug.vert" />
    <None Include="res\shaders\collisionDebug.frag" />
    <None Include="res\models\Floor1.mtl" />
    <None Include="res\models\delorean.mtl" />
    <None Include="res\shaders\gBuffer.vert" />
    <None Include="res\shaders\gBuffer.frag" />
    <None Include="res\shaders\quad.vert" />
    <None Include="res\shaders\quad.frag" />
    <None Include="res\shaders\lighting.vert" />
    <None Include="res\shaders\lighting.frag" />
  </ItemGroup>
</Project>